
Microsoft Visual Studio Solution File, Format Version 12.00
# Visual Studio 15
VisualStudioVersion = 15.0.28010.2019
MinimumVisualStudioVersion = 10.0.40219.1
Project("{FAE04EC0-301F-11D3-BF4B-00C04F79EFBC}") = "App8", "App8\App8.csproj", "{ED2FF1F4-2692-434D-9E0A-B4539A29B87A}"
EndProject
Global
	GlobalSection(SolutionConfigurationPlatforms) = preSolution
		Debug|Any CPU = Debug|Any CPU
		Release|Any CPU = Release|Any CPU
	EndGlobalSection
	GlobalSection(ProjectConfigurationPlatforms) = postSolution
		{ED2FF1F4-2692-434D-9E0A-B4539A29B87A}.Debug|Any CPU.ActiveCfg = Debug|Any CPU
		{ED2FF1F4-2692-434D-9E0A-B4539A29B87A}.Debug|Any CPU.Build.0 = Debug|Any CPU
		{ED2FF1F4-2692-434D-9E0A-B4539A29B87A}.Release|Any CPU.ActiveCfg = Release|Any CPU
		{ED2FF1F4-2692-434D-9E0A-B4539A29B87A}.Release|Any CPU.Build.0 = Release|Any CPU
	EndGlobalSection
	GlobalSection(SolutionProperties) = preSolution
		HideSolutionNode = FALSE
	EndGlobalSection
	GlobalSection(ExtensibilityGlobals) = postSolution
		SolutionGuid = {0071022B-5163-4281-9A35-3655F9048524}
	EndGlobalSection
EndGlobal
