
Microsoft Visual Studio Solution File, Format Version 12.00
# Visual Studio 15
VisualStudioVersion = 15.0.28307.271
MinimumVisualStudioVersion = 10.0.40219.1
Project("{FAE04EC0-301F-11D3-BF4B-00C04F79EFBC}") = "App13_Shakeel", "App13_Shakeel\App13_Shakeel.csproj", "{32FD98CD-68B2-4E94-AEC2-9B6FB91F4320}"
EndProject
Global
	GlobalSection(SolutionConfigurationPlatforms) = preSolution
		Debug|Any CPU = Debug|Any CPU
		Release|Any CPU = Release|Any CPU
	EndGlobalSection
	GlobalSection(ProjectConfigurationPlatforms) = postSolution
		{32FD98CD-68B2-4E94-AEC2-9B6FB91F4320}.Debug|Any CPU.ActiveCfg = Debug|Any CPU
		{32FD98CD-68B2-4E94-AEC2-9B6FB91F4320}.Debug|Any CPU.Build.0 = Debug|Any CPU
		{32FD98CD-68B2-4E94-AEC2-9B6FB91F4320}.Release|Any CPU.ActiveCfg = Release|Any CPU
		{32FD98CD-68B2-4E94-AEC2-9B6FB91F4320}.Release|Any CPU.Build.0 = Release|Any CPU
	EndGlobalSection
	GlobalSection(SolutionProperties) = preSolution
		HideSolutionNode = FALSE
	EndGlobalSection
	GlobalSection(ExtensibilityGlobals) = postSolution
		SolutionGuid = {C61AA805-AC5F-4AF3-9AC5-C823B35FB216}
	EndGlobalSection
EndGlobal
